// !$*UTF8*$!
{
	archiveVersion = 1;
	classes = {
	};
	objectVersion = 56;
	objects = {

/* Begin PBXBuildFile section */
		C80F73AF28E6EEE300733294 /* DestinyModels.swift in Sources */ = {isa = PBXBuildFile; fileRef = C80F73AE28E6EEE300733294 /* DestinyModels.swift */; };
		C80F73B528E6FD7800733294 /* APITests.swift in Sources */ = {isa = PBXBuildFile; fileRef = C80F73B428E6FD7800733294 /* APITests.swift */; };
		C80F73BC28E7115E00733294 /* Destiny2API.swift in Sources */ = {isa = PBXBuildFile; fileRef = C80F73BB28E7115E00733294 /* Destiny2API.swift */; };
		C80F73BF28E7155700733294 /* Destiny2SQLITEManager.swift in Sources */ = {isa = PBXBuildFile; fileRef = C80F73BE28E7155700733294 /* Destiny2SQLITEManager.swift */; };
		C8671A9E28D9FD82009716F9 /* Notes in Resources */ = {isa = PBXBuildFile; fileRef = C8671A9D28D9FD82009716F9 /* Notes */; };
		C8671AA028DA0F6F009716F9 /* dsFR.json in Resources */ = {isa = PBXBuildFile; fileRef = C8671A9F28DA0F6F009716F9 /* dsFR.json */; };
		C88F80C228D3538500E569BC /* AppCompanionMODSD2App.swift in Sources */ = {isa = PBXBuildFile; fileRef = C88F80C128D3538500E569BC /* AppCompanionMODSD2App.swift */; };
		C88F80C428D3538500E569BC /* ContentView.swift in Sources */ = {isa = PBXBuildFile; fileRef = C88F80C328D3538500E569BC /* ContentView.swift */; };
		C88F80C628D3538600E569BC /* Assets.xcassets in Resources */ = {isa = PBXBuildFile; fileRef = C88F80C528D3538600E569BC /* Assets.xcassets */; };
		C88F80C928D3538600E569BC /* Preview Assets.xcassets in Resources */ = {isa = PBXBuildFile; fileRef = C88F80C828D3538600E569BC /* Preview Assets.xcassets */; };
		C8C67C8428E2DEEA003C36C4 /* AppCompanionTests.swift in Sources */ = {isa = PBXBuildFile; fileRef = C8C67C8328E2DEEA003C36C4 /* AppCompanionTests.swift */; };
		C8C67C9228E30DA6003C36C4 /* Zip in Frameworks */ = {isa = PBXBuildFile; productRef = C8C67C9128E30DA6003C36C4 /* Zip */; };
		C8D665A128E4921400243307 /* Extension+Data.swift in Sources */ = {isa = PBXBuildFile; fileRef = C8D665A028E4921400243307 /* Extension+Data.swift */; };
		C8FF096C28DC744B00BF94A7 /* Constant.swift in Sources */ = {isa = PBXBuildFile; fileRef = C8FF096B28DC744B00BF94A7 /* Constant.swift */; };
/* End PBXBuildFile section */

/* Begin PBXContainerItemProxy section */
		C8C67C8528E2DEEA003C36C4 /* PBXContainerItemProxy */ = {
			isa = PBXContainerItemProxy;
			containerPortal = C88F80B628D3538500E569BC /* Project object */;
			proxyType = 1;
			remoteGlobalIDString = C88F80BD28D3538500E569BC;
			remoteInfo = AppCompanionMODSD2;
		};
/* End PBXContainerItemProxy section */

/* Begin PBXFileReference section */
		C80F73AE28E6EEE300733294 /* DestinyModels.swift */ = {isa = PBXFileReference; lastKnownFileType = sourcecode.swift; path = DestinyModels.swift; sourceTree = "<group>"; };
		C80F73B428E6FD7800733294 /* APITests.swift */ = {isa = PBXFileReference; lastKnownFileType = sourcecode.swift; path = APITests.swift; sourceTree = "<group>"; };
		C80F73BB28E7115E00733294 /* Destiny2API.swift */ = {isa = PBXFileReference; lastKnownFileType = sourcecode.swift; path = Destiny2API.swift; sourceTree = "<group>"; };
		C80F73BE28E7155700733294 /* Destiny2SQLITEManager.swift */ = {isa = PBXFileReference; lastKnownFileType = sourcecode.swift; path = Destiny2SQLITEManager.swift; sourceTree = "<group>"; };
		C8671A9D28D9FD82009716F9 /* Notes */ = {isa = PBXFileReference; lastKnownFileType = text; path = Notes; sourceTree = "<group>"; };
		C8671A9F28DA0F6F009716F9 /* dsFR.json */ = {isa = PBXFileReference; lastKnownFileType = text.json; path = dsFR.json; sourceTree = "<group>"; };
		C88F80BE28D3538500E569BC /* AppCompanionMODSD2.app */ = {isa = PBXFileReference; explicitFileType = wrapper.application; includeInIndex = 0; path = AppCompanionMODSD2.app; sourceTree = BUILT_PRODUCTS_DIR; };
		C88F80C128D3538500E569BC /* AppCompanionMODSD2App.swift */ = {isa = PBXFileReference; lastKnownFileType = sourcecode.swift; path = AppCompanionMODSD2App.swift; sourceTree = "<group>"; };
		C88F80C328D3538500E569BC /* ContentView.swift */ = {isa = PBXFileReference; lastKnownFileType = sourcecode.swift; path = ContentView.swift; sourceTree = "<group>"; };
		C88F80C528D3538600E569BC /* Assets.xcassets */ = {isa = PBXFileReference; lastKnownFileType = folder.assetcatalog; path = Assets.xcassets; sourceTree = "<group>"; };
		C88F80C828D3538600E569BC /* Preview Assets.xcassets */ = {isa = PBXFileReference; lastKnownFileType = folder.assetcatalog; path = "Preview Assets.xcassets"; sourceTree = "<group>"; };
		C8C67C8128E2DEEA003C36C4 /* AppCompanionTests.xctest */ = {isa = PBXFileReference; explicitFileType = wrapper.cfbundle; includeInIndex = 0; path = AppCompanionTests.xctest; sourceTree = BUILT_PRODUCTS_DIR; };
		C8C67C8328E2DEEA003C36C4 /* AppCompanionTests.swift */ = {isa = PBXFileReference; lastKnownFileType = sourcecode.swift; path = AppCompanionTests.swift; sourceTree = "<group>"; };
		C8D665A028E4921400243307 /* Extension+Data.swift */ = {isa = PBXFileReference; lastKnownFileType = sourcecode.swift; path = "Extension+Data.swift"; sourceTree = "<group>"; };
		C8FF096B28DC744B00BF94A7 /* Constant.swift */ = {isa = PBXFileReference; lastKnownFileType = sourcecode.swift; path = Constant.swift; sourceTree = "<group>"; };
/* End PBXFileReference section */

/* Begin PBXFrameworksBuildPhase section */
		C88F80BB28D3538500E569BC /* Frameworks */ = {
			isa = PBXFrameworksBuildPhase;
			buildActionMask = 2147483647;
			files = (
				C8C67C9228E30DA6003C36C4 /* Zip in Frameworks */,
			);
			runOnlyForDeploymentPostprocessing = 0;
		};
		C8C67C7E28E2DEEA003C36C4 /* Frameworks */ = {
			isa = PBXFrameworksBuildPhase;
			buildActionMask = 2147483647;
			files = (
			);
			runOnlyForDeploymentPostprocessing = 0;
		};
/* End PBXFrameworksBuildPhase section */

/* Begin PBXGroup section */
		C80F73AD28E6EECB00733294 /* Models */ = {
			isa = PBXGroup;
			children = (
				C80F73AE28E6EEE300733294 /* DestinyModels.swift */,
			);
			path = Models;
			sourceTree = "<group>";
		};
		C80F73BD28E7126200733294 /* Remote */ = {
			isa = PBXGroup;
			children = (
				C80F73BE28E7155700733294 /* Destiny2SQLITEManager.swift */,
				C80F73BB28E7115E00733294 /* Destiny2API.swift */,
			);
			path = Remote;
			sourceTree = "<group>";
		};
		C80F73C028E75FA400733294 /* Current */ = {
			isa = PBXGroup;
			children = (
			);
			path = Current;
			sourceTree = "<group>";
		};
		C80F73C128E75FCC00733294 /* Grid */ = {
			isa = PBXGroup;
			children = (
			);
			path = Grid;
			sourceTree = "<group>";
		};
		C80F73C228E75FE400733294 /* All Mods */ = {
			isa = PBXGroup;
			children = (
			);
			path = "All Mods";
			sourceTree = "<group>";
		};
		C88F80B528D3538500E569BC = {
			isa = PBXGroup;
			children = (
				C88F80C028D3538500E569BC /* AppCompanionMODSD2 */,
				C8C67C8228E2DEEA003C36C4 /* AppCompanionTests */,
				C88F80BF28D3538500E569BC /* Products */,
			);
			sourceTree = "<group>";
		};
		C88F80BF28D3538500E569BC /* Products */ = {
			isa = PBXGroup;
			children = (
				C88F80BE28D3538500E569BC /* AppCompanionMODSD2.app */,
				C8C67C8128E2DEEA003C36C4 /* AppCompanionTests.xctest */,
			);
			name = Products;
			sourceTree = "<group>";
		};
		C88F80C028D3538500E569BC /* AppCompanionMODSD2 */ = {
			isa = PBXGroup;
			children = (
				C8C67C7628E2117F003C36C4 /* UserSide */,
				C8C67C7A28E2DB6B003C36C4 /* Domain */,
				C8FF096628DC643D00BF94A7 /* ServerSide */,
				C8C67C7728E211D1003C36C4 /* SupportingFiles */,
				C88F80C728D3538600E569BC /* Preview Content */,
			);
			path = AppCompanionMODSD2;
			sourceTree = "<group>";
		};
		C88F80C728D3538600E569BC /* Preview Content */ = {
			isa = PBXGroup;
			children = (
				C88F80C828D3538600E569BC /* Preview Assets.xcassets */,
			);
			path = "Preview Content";
			sourceTree = "<group>";
		};
		C8C67C7628E2117F003C36C4 /* UserSide */ = {
			isa = PBXGroup;
			children = (
				C88F80C128D3538500E569BC /* AppCompanionMODSD2App.swift */,
				C8FF096228DC63B300BF94A7 /* Views */,
			);
			path = UserSide;
			sourceTree = "<group>";
		};
		C8C67C7728E211D1003C36C4 /* SupportingFiles */ = {
			isa = PBXGroup;
			children = (
				C8FF096A28DC742700BF94A7 /* Shared */,
				C8FF096528DC63F500BF94A7 /* Ressources */,
			);
			path = SupportingFiles;
			sourceTree = "<group>";
		};
		C8C67C7A28E2DB6B003C36C4 /* Domain */ = {
			isa = PBXGroup;
			children = (
				C80F73AD28E6EECB00733294 /* Models */,
			);
			path = Domain;
			sourceTree = "<group>";
		};
		C8C67C8228E2DEEA003C36C4 /* AppCompanionTests */ = {
			isa = PBXGroup;
			children = (
				C8C67C8328E2DEEA003C36C4 /* AppCompanionTests.swift */,
				C80F73B428E6FD7800733294 /* APITests.swift */,
			);
			path = AppCompanionTests;
			sourceTree = "<group>";
		};
		C8FF096228DC63B300BF94A7 /* Views */ = {
			isa = PBXGroup;
			children = (
				C88F80C328D3538500E569BC /* ContentView.swift */,
				C80F73C028E75FA400733294 /* Current */,
				C80F73C128E75FCC00733294 /* Grid */,
				C80F73C228E75FE400733294 /* All Mods */,
			);
			path = Views;
			sourceTree = "<group>";
		};
		C8FF096528DC63F500BF94A7 /* Ressources */ = {
			isa = PBXGroup;
			children = (
				C88F80C528D3538600E569BC /* Assets.xcassets */,
				C8671A9D28D9FD82009716F9 /* Notes */,
				C8671A9F28DA0F6F009716F9 /* dsFR.json */,
			);
			path = Ressources;
			sourceTree = "<group>";
		};
		C8FF096628DC643D00BF94A7 /* ServerSide */ = {
			isa = PBXGroup;
			children = (
				C80F73BD28E7126200733294 /* Remote */,
			);
			path = ServerSide;
			sourceTree = "<group>";
		};
		C8FF096A28DC742700BF94A7 /* Shared */ = {
			isa = PBXGroup;
			children = (
				C8FF096B28DC744B00BF94A7 /* Constant.swift */,
				C8D665A028E4921400243307 /* Extension+Data.swift */,
			);
			path = Shared;
			sourceTree = "<group>";
		};
/* End PBXGroup section */

/* Begin PBXNativeTarget section */
		C88F80BD28D3538500E569BC /* AppCompanionMODSD2 */ = {
			isa = PBXNativeTarget;
			buildConfigurationList = C88F80CC28D3538600E569BC /* Build configuration list for PBXNativeTarget "AppCompanionMODSD2" */;
			buildPhases = (
				C88F80BA28D3538500E569BC /* Sources */,
				C88F80BB28D3538500E569BC /* Frameworks */,
				C88F80BC28D3538500E569BC /* Resources */,
				C88F80CF28D353AB00E569BC /* Run Script swiftlint */,
			);
			buildRules = (
			);
			dependencies = (
			);
			name = AppCompanionMODSD2;
			packageProductDependencies = (
				C8C67C9128E30DA6003C36C4 /* Zip */,
			);
			productName = AppCompanionMODSD2;
			productReference = C88F80BE28D3538500E569BC /* AppCompanionMODSD2.app */;
			productType = "com.apple.product-type.application";
		};
		C8C67C8028E2DEEA003C36C4 /* AppCompanionTests */ = {
			isa = PBXNativeTarget;
			buildConfigurationList = C8C67C8728E2DEEA003C36C4 /* Build configuration list for PBXNativeTarget "AppCompanionTests" */;
			buildPhases = (
				C8C67C7D28E2DEEA003C36C4 /* Sources */,
				C8C67C7E28E2DEEA003C36C4 /* Frameworks */,
				C8C67C7F28E2DEEA003C36C4 /* Resources */,
			);
			buildRules = (
			);
			dependencies = (
				C8C67C8628E2DEEA003C36C4 /* PBXTargetDependency */,
			);
			name = AppCompanionTests;
			productName = AppCompanionTests;
			productReference = C8C67C8128E2DEEA003C36C4 /* AppCompanionTests.xctest */;
			productType = "com.apple.product-type.bundle.unit-test";
		};
/* End PBXNativeTarget section */

/* Begin PBXProject section */
		C88F80B628D3538500E569BC /* Project object */ = {
			isa = PBXProject;
			attributes = {
				BuildIndependentTargetsInParallel = 1;
				LastSwiftUpdateCheck = 1400;
				LastUpgradeCheck = 1400;
				TargetAttributes = {
					C88F80BD28D3538500E569BC = {
						CreatedOnToolsVersion = 14.0;
					};
					C8C67C8028E2DEEA003C36C4 = {
						CreatedOnToolsVersion = 14.0;
						TestTargetID = C88F80BD28D3538500E569BC;
					};
				};
			};
			buildConfigurationList = C88F80B928D3538500E569BC /* Build configuration list for PBXProject "AppCompanionMODSD2" */;
			compatibilityVersion = "Xcode 14.0";
			developmentRegion = en;
			hasScannedForEncodings = 0;
			knownRegions = (
				en,
				Base,
			);
			mainGroup = C88F80B528D3538500E569BC;
			packageReferences = (
				C8C67C9028E30DA6003C36C4 /* XCRemoteSwiftPackageReference "Zip" */,
			);
			productRefGroup = C88F80BF28D3538500E569BC /* Products */;
			projectDirPath = "";
			projectRoot = "";
			targets = (
				C88F80BD28D3538500E569BC /* AppCompanionMODSD2 */,
				C8C67C8028E2DEEA003C36C4 /* AppCompanionTests */,
			);
		};
/* End PBXProject section */

/* Begin PBXResourcesBuildPhase section */
		C88F80BC28D3538500E569BC /* Resources */ = {
			isa = PBXResourcesBuildPhase;
			buildActionMask = 2147483647;
			files = (
				C8671AA028DA0F6F009716F9 /* dsFR.json in Resources */,
				C8671A9E28D9FD82009716F9 /* Notes in Resources */,
				C88F80C928D3538600E569BC /* Preview Assets.xcassets in Resources */,
				C88F80C628D3538600E569BC /* Assets.xcassets in Resources */,
			);
			runOnlyForDeploymentPostprocessing = 0;
		};
		C8C67C7F28E2DEEA003C36C4 /* Resources */ = {
			isa = PBXResourcesBuildPhase;
			buildActionMask = 2147483647;
			files = (
			);
			runOnlyForDeploymentPostprocessing = 0;
		};
/* End PBXResourcesBuildPhase section */

/* Begin PBXShellScriptBuildPhase section */
		C88F80CF28D353AB00E569BC /* Run Script swiftlint */ = {
			isa = PBXShellScriptBuildPhase;
			buildActionMask = 8;
			files = (
			);
			inputFileListPaths = (
			);
			inputPaths = (
			);
			name = "Run Script swiftlint";
			outputFileListPaths = (
			);
			outputPaths = (
			);
			runOnlyForDeploymentPostprocessing = 1;
			shellPath = /bin/sh;
			shellScript = "export PATH=\"$PATH:/opt/homebrew/bin\"\n\nif which swiftlint > /dev/null; then\n  swiftlint\nelse\n  echo \"warning: SwiftLint not installed, download from https://github.com/realm/SwiftLint\"\nfi\n";
		};
/* End PBXShellScriptBuildPhase section */

/* Begin PBXSourcesBuildPhase section */
		C88F80BA28D3538500E569BC /* Sources */ = {
			isa = PBXSourcesBuildPhase;
			buildActionMask = 2147483647;
			files = (
				C88F80C428D3538500E569BC /* ContentView.swift in Sources */,
				C8D665A128E4921400243307 /* Extension+Data.swift in Sources */,
				C8FF096C28DC744B00BF94A7 /* Constant.swift in Sources */,
				C80F73BF28E7155700733294 /* Destiny2SQLITEManager.swift in Sources */,
				C80F73AF28E6EEE300733294 /* DestinyModels.swift in Sources */,
				C88F80C228D3538500E569BC /* AppCompanionMODSD2App.swift in Sources */,
				C80F73BC28E7115E00733294 /* Destiny2API.swift in Sources */,
			);
			runOnlyForDeploymentPostprocessing = 0;
		};
		C8C67C7D28E2DEEA003C36C4 /* Sources */ = {
			isa = PBXSourcesBuildPhase;
			buildActionMask = 2147483647;
			files = (
				C8C67C8428E2DEEA003C36C4 /* AppCompanionTests.swift in Sources */,
				C80F73B528E6FD7800733294 /* APITests.swift in Sources */,
			);
			runOnlyForDeploymentPostprocessing = 0;
		};
/* End PBXSourcesBuildPhase section */

/* Begin PBXTargetDependency section */
		C8C67C8628E2DEEA003C36C4 /* PBXTargetDependency */ = {
			isa = PBXTargetDependency;
			target = C88F80BD28D3538500E569BC /* AppCompanionMODSD2 */;
			targetProxy = C8C67C8528E2DEEA003C36C4 /* PBXContainerItemProxy */;
		};
/* End PBXTargetDependency section */

/* Begin XCBuildConfiguration section */
		C88F80CA28D3538600E569BC /* Debug */ = {
			isa = XCBuildConfiguration;
			buildSettings = {
				ALWAYS_SEARCH_USER_PATHS = NO;
				CLANG_ANALYZER_NONNULL = YES;
				CLANG_ANALYZER_NUMBER_OBJECT_CONVERSION = YES_AGGRESSIVE;
				CLANG_CXX_LANGUAGE_STANDARD = "gnu++20";
				CLANG_ENABLE_MODULES = YES;
				CLANG_ENABLE_OBJC_ARC = YES;
				CLANG_ENABLE_OBJC_WEAK = YES;
				CLANG_WARN_BLOCK_CAPTURE_AUTORELEASING = YES;
				CLANG_WARN_BOOL_CONVERSION = YES;
				CLANG_WARN_COMMA = YES;
				CLANG_WARN_CONSTANT_CONVERSION = YES;
				CLANG_WARN_DEPRECATED_OBJC_IMPLEMENTATIONS = YES;
				CLANG_WARN_DIRECT_OBJC_ISA_USAGE = YES_ERROR;
				CLANG_WARN_DOCUMENTATION_COMMENTS = YES;
				CLANG_WARN_EMPTY_BODY = YES;
				CLANG_WARN_ENUM_CONVERSION = YES;
				CLANG_WARN_INFINITE_RECURSION = YES;
				CLANG_WARN_INT_CONVERSION = YES;
				CLANG_WARN_NON_LITERAL_NULL_CONVERSION = YES;
				CLANG_WARN_OBJC_IMPLICIT_RETAIN_SELF = YES;
				CLANG_WARN_OBJC_LITERAL_CONVERSION = YES;
				CLANG_WARN_OBJC_ROOT_CLASS = YES_ERROR;
				CLANG_WARN_QUOTED_INCLUDE_IN_FRAMEWORK_HEADER = YES;
				CLANG_WARN_RANGE_LOOP_ANALYSIS = YES;
				CLANG_WARN_STRICT_PROTOTYPES = YES;
				CLANG_WARN_SUSPICIOUS_MOVE = YES;
				CLANG_WARN_UNGUARDED_AVAILABILITY = YES_AGGRESSIVE;
				CLANG_WARN_UNREACHABLE_CODE = YES;
				CLANG_WARN__DUPLICATE_METHOD_MATCH = YES;
				COPY_PHASE_STRIP = NO;
				DEBUG_INFORMATION_FORMAT = dwarf;
				ENABLE_STRICT_OBJC_MSGSEND = YES;
				ENABLE_TESTABILITY = YES;
				GCC_C_LANGUAGE_STANDARD = gnu11;
				GCC_DYNAMIC_NO_PIC = NO;
				GCC_NO_COMMON_BLOCKS = YES;
				GCC_OPTIMIZATION_LEVEL = 0;
				GCC_PREPROCESSOR_DEFINITIONS = (
					"DEBUG=1",
					"$(inherited)",
				);
				GCC_WARN_64_TO_32_BIT_CONVERSION = YES;
				GCC_WARN_ABOUT_RETURN_TYPE = YES_ERROR;
				GCC_WARN_UNDECLARED_SELECTOR = YES;
				GCC_WARN_UNINITIALIZED_AUTOS = YES_AGGRESSIVE;
				GCC_WARN_UNUSED_FUNCTION = YES;
				GCC_WARN_UNUSED_VARIABLE = YES;
				IPHONEOS_DEPLOYMENT_TARGET = 16.0;
				MTL_ENABLE_DEBUG_INFO = INCLUDE_SOURCE;
				MTL_FAST_MATH = YES;
				ONLY_ACTIVE_ARCH = YES;
				SDKROOT = iphoneos;
				SWIFT_ACTIVE_COMPILATION_CONDITIONS = DEBUG;
				SWIFT_OPTIMIZATION_LEVEL = "-Onone";
			};
			name = Debug;
		};
		C88F80CB28D3538600E569BC /* Release */ = {
			isa = XCBuildConfiguration;
			buildSettings = {
				ALWAYS_SEARCH_USER_PATHS = NO;
				CLANG_ANALYZER_NONNULL = YES;
				CLANG_ANALYZER_NUMBER_OBJECT_CONVERSION = YES_AGGRESSIVE;
				CLANG_CXX_LANGUAGE_STANDARD = "gnu++20";
				CLANG_ENABLE_MODULES = YES;
				CLANG_ENABLE_OBJC_ARC = YES;
				CLANG_ENABLE_OBJC_WEAK = YES;
				CLANG_WARN_BLOCK_CAPTURE_AUTORELEASING = YES;
				CLANG_WARN_BOOL_CONVERSION = YES;
				CLANG_WARN_COMMA = YES;
				CLANG_WARN_CONSTANT_CONVERSION = YES;
				CLANG_WARN_DEPRECATED_OBJC_IMPLEMENTATIONS = YES;
				CLANG_WARN_DIRECT_OBJC_ISA_USAGE = YES_ERROR;
				CLANG_WARN_DOCUMENTATION_COMMENTS = YES;
				CLANG_WARN_EMPTY_BODY = YES;
				CLANG_WARN_ENUM_CONVERSION = YES;
				CLANG_WARN_INFINITE_RECURSION = YES;
				CLANG_WARN_INT_CONVERSION = YES;
				CLANG_WARN_NON_LITERAL_NULL_CONVERSION = YES;
				CLANG_WARN_OBJC_IMPLICIT_RETAIN_SELF = YES;
				CLANG_WARN_OBJC_LITERAL_CONVERSION = YES;
				CLANG_WARN_OBJC_ROOT_CLASS = YES_ERROR;
				CLANG_WARN_QUOTED_INCLUDE_IN_FRAMEWORK_HEADER = YES;
				CLANG_WARN_RANGE_LOOP_ANALYSIS = YES;
				CLANG_WARN_STRICT_PROTOTYPES = YES;
				CLANG_WARN_SUSPICIOUS_MOVE = YES;
				CLANG_WARN_UNGUARDED_AVAILABILITY = YES_AGGRESSIVE;
				CLANG_WARN_UNREACHABLE_CODE = YES;
				CLANG_WARN__DUPLICATE_METHOD_MATCH = YES;
				COPY_PHASE_STRIP = NO;
				DEBUG_INFORMATION_FORMAT = "dwarf-with-dsym";
				ENABLE_NS_ASSERTIONS = NO;
				ENABLE_STRICT_OBJC_MSGSEND = YES;
				GCC_C_LANGUAGE_STANDARD = gnu11;
				GCC_NO_COMMON_BLOCKS = YES;
				GCC_WARN_64_TO_32_BIT_CONVERSION = YES;
				GCC_WARN_ABOUT_RETURN_TYPE = YES_ERROR;
				GCC_WARN_UNDECLARED_SELECTOR = YES;
				GCC_WARN_UNINITIALIZED_AUTOS = YES_AGGRESSIVE;
				GCC_WARN_UNUSED_FUNCTION = YES;
				GCC_WARN_UNUSED_VARIABLE = YES;
				IPHONEOS_DEPLOYMENT_TARGET = 16.0;
				MTL_ENABLE_DEBUG_INFO = NO;
				MTL_FAST_MATH = YES;
				SDKROOT = iphoneos;
				SWIFT_COMPILATION_MODE = wholemodule;
				SWIFT_OPTIMIZATION_LEVEL = "-O";
				VALIDATE_PRODUCT = YES;
			};
			name = Release;
		};
		C88F80CD28D3538600E569BC /* Debug */ = {
			isa = XCBuildConfiguration;
			buildSettings = {
				ASSETCATALOG_COMPILER_APPICON_NAME = AppIcon;
				ASSETCATALOG_COMPILER_GLOBAL_ACCENT_COLOR_NAME = AccentColor;
				CODE_SIGN_STYLE = Automatic;
				CURRENT_PROJECT_VERSION = 1;
				DEVELOPMENT_ASSET_PATHS = "\"AppCompanionMODSD2/Preview Content\"";
				DEVELOPMENT_TEAM = P3MRZPZ844;
				ENABLE_PREVIEWS = YES;
				GENERATE_INFOPLIST_FILE = YES;
				INFOPLIST_KEY_CFBundleDisplayName = "Destiny Companion Mods";
				INFOPLIST_KEY_LSApplicationCategoryType = "public.app-category.action-games";
				INFOPLIST_KEY_UIApplicationSceneManifest_Generation = YES;
				INFOPLIST_KEY_UIApplicationSupportsIndirectInputEvents = YES;
				INFOPLIST_KEY_UILaunchScreen_Generation = YES;
				INFOPLIST_KEY_UISupportedInterfaceOrientations = UIInterfaceOrientationPortrait;
				LD_RUNPATH_SEARCH_PATHS = (
					"$(inherited)",
					"@executable_path/Frameworks",
				);
				MARKETING_VERSION = 1.0;
				PRODUCT_BUNDLE_IDENTIFIER = com.eddyrogier.AppCompanionMODSD2;
				PRODUCT_NAME = "$(TARGET_NAME)";
				SWIFT_EMIT_LOC_STRINGS = YES;
				SWIFT_VERSION = 5.0;
				TARGETED_DEVICE_FAMILY = "1,2";
			};
			name = Debug;
		};
		C88F80CE28D3538600E569BC /* Release */ = {
			isa = XCBuildConfiguration;
			buildSettings = {
				ASSETCATALOG_COMPILER_APPICON_NAME = AppIcon;
				ASSETCATALOG_COMPILER_GLOBAL_ACCENT_COLOR_NAME = AccentColor;
				CODE_SIGN_STYLE = Automatic;
				CURRENT_PROJECT_VERSION = 1;
				DEVELOPMENT_ASSET_PATHS = "\"AppCompanionMODSD2/Preview Content\"";
				DEVELOPMENT_TEAM = P3MRZPZ844;
				ENABLE_PREVIEWS = YES;
				GENERATE_INFOPLIST_FILE = YES;
				INFOPLIST_KEY_CFBundleDisplayName = "Destiny Companion Mods";
				INFOPLIST_KEY_LSApplicationCategoryType = "public.app-category.action-games";
				INFOPLIST_KEY_UIApplicationSceneManifest_Generation = YES;
				INFOPLIST_KEY_UIApplicationSupportsIndirectInputEvents = YES;
				INFOPLIST_KEY_UILaunchScreen_Generation = YES;
				INFOPLIST_KEY_UISupportedInterfaceOrientations = UIInterfaceOrientationPortrait;
				LD_RUNPATH_SEARCH_PATHS = (
					"$(inherited)",
					"@executable_path/Frameworks",
				);
				MARKETING_VERSION = 1.0;
				PRODUCT_BUNDLE_IDENTIFIER = com.eddyrogier.AppCompanionMODSD2;
				PRODUCT_NAME = "$(TARGET_NAME)";
				SWIFT_EMIT_LOC_STRINGS = YES;
				SWIFT_VERSION = 5.0;
				TARGETED_DEVICE_FAMILY = "1,2";
			};
			name = Release;
		};
		C8C67C8828E2DEEA003C36C4 /* Debug */ = {
			isa = XCBuildConfiguration;
			buildSettings = {
				BUNDLE_LOADER = "$(TEST_HOST)";
				CODE_SIGN_STYLE = Automatic;
				CURRENT_PROJECT_VERSION = 1;
				DEVELOPMENT_TEAM = P3MRZPZ844;
				GENERATE_INFOPLIST_FILE = YES;
				MARKETING_VERSION = 1.0;
				PRODUCT_BUNDLE_IDENTIFIER = com.eddyrogier.AppCompanionTests;
				PRODUCT_NAME = "$(TARGET_NAME)";
				SWIFT_EMIT_LOC_STRINGS = NO;
				SWIFT_VERSION = 5.0;
				TARGETED_DEVICE_FAMILY = "1,2";
				TEST_HOST = "$(BUILT_PRODUCTS_DIR)/AppCompanionMODSD2.app/$(BUNDLE_EXECUTABLE_FOLDER_PATH)/AppCompanionMODSD2";
			};
			name = Debug;
		};
		C8C67C8928E2DEEA003C36C4 /* Release */ = {
			isa = XCBuildConfiguration;
			buildSettings = {
				BUNDLE_LOADER = "$(TEST_HOST)";
				CODE_SIGN_STYLE = Automatic;
				CURRENT_PROJECT_VERSION = 1;
				DEVELOPMENT_TEAM = P3MRZPZ844;
				GENERATE_INFOPLIST_FILE = YES;
				MARKETING_VERSION = 1.0;
				PRODUCT_BUNDLE_IDENTIFIER = com.eddyrogier.AppCompanionTests;
				PRODUCT_NAME = "$(TARGET_NAME)";
				SWIFT_EMIT_LOC_STRINGS = NO;
				SWIFT_VERSION = 5.0;
				TARGETED_DEVICE_FAMILY = "1,2";
				TEST_HOST = "$(BUILT_PRODUCTS_DIR)/AppCompanionMODSD2.app/$(BUNDLE_EXECUTABLE_FOLDER_PATH)/AppCompanionMODSD2";
			};
			name = Release;
		};
/* End XCBuildConfiguration section */

/* Begin XCConfigurationList section */
		C88F80B928D3538500E569BC /* Build configuration list for PBXProject "AppCompanionMODSD2" */ = {
			isa = XCConfigurationList;
			buildConfigurations = (
				C88F80CA28D3538600E569BC /* Debug */,
				C88F80CB28D3538600E569BC /* Release */,
			);
			defaultConfigurationIsVisible = 0;
			defaultConfigurationName = Release;
		};
		C88F80CC28D3538600E569BC /* Build configuration list for PBXNativeTarget "AppCompanionMODSD2" */ = {
			isa = XCConfigurationList;
			buildConfigurations = (
				C88F80CD28D3538600E569BC /* Debug */,
				C88F80CE28D3538600E569BC /* Release */,
			);
			defaultConfigurationIsVisible = 0;
			defaultConfigurationName = Release;
		};
		C8C67C8728E2DEEA003C36C4 /* Build configuration list for PBXNativeTarget "AppCompanionTests" */ = {
			isa = XCConfigurationList;
			buildConfigurations = (
				C8C67C8828E2DEEA003C36C4 /* Debug */,
				C8C67C8928E2DEEA003C36C4 /* Release */,
			);
			defaultConfigurationIsVisible = 0;
			defaultConfigurationName = Release;
		};
/* End XCConfigurationList section */

/* Begin XCRemoteSwiftPackageReference section */
		C8C67C9028E30DA6003C36C4 /* XCRemoteSwiftPackageReference "Zip" */ = {
			isa = XCRemoteSwiftPackageReference;
			repositoryURL = "https://github.com/marmelroy/Zip.git";
			requirement = {
				kind = upToNextMajorVersion;
				minimumVersion = 2.0.0;
			};
		};
/* End XCRemoteSwiftPackageReference section */

/* Begin XCSwiftPackageProductDependency section */
		C8C67C9128E30DA6003C36C4 /* Zip */ = {
			isa = XCSwiftPackageProductDependency;
			package = C8C67C9028E30DA6003C36C4 /* XCRemoteSwiftPackageReference "Zip" */;
			productName = Zip;
		};
/* End XCSwiftPackageProductDependency section */
	};
	rootObject = C88F80B628D3538500E569BC /* Project object */;
}
